
Microsoft Visual Studio Solution File, Format Version 12.00
# Visual Studio Version 16
VisualStudioVersion = 16.0.30204.135
MinimumVisualStudioVersion = 10.0.40219.1
Project("{FAE04EC0-301F-11D3-BF4B-00C04F79EFBC}") = "PierreFeuilleCiseauxServer", "PierreFeuilleCiseauxServer\PierreFeuilleCiseauxServer.csproj", "{76A139DB-574B-479F-887A-D06E26998AF8}"
EndProject
Project("{FAE04EC0-301F-11D3-BF4B-00C04F79EFBC}") = "PierreFeuilleCiseauxClient", "PierreFeuilleCiseauxClient\PierreFeuilleCiseauxClient.csproj", "{C206F750-F47E-4CDB-8487-6F4A5F0871FB}"
EndProject
Project("{FAE04EC0-301F-11D3-BF4B-00C04F79EFBC}") = "Tests", "Tests\Tests.csproj", "{9FE42B47-5612-43E7-9649-1400475125CC}"
EndProject
Global
	GlobalSection(SolutionConfigurationPlatforms) = preSolution
		Debug|Any CPU = Debug|Any CPU
		Release|Any CPU = Release|Any CPU
	EndGlobalSection
	GlobalSection(ProjectConfigurationPlatforms) = postSolution
		{76A139DB-574B-479F-887A-D06E26998AF8}.Debug|Any CPU.ActiveCfg = Debug|Any CPU
		{76A139DB-574B-479F-887A-D06E26998AF8}.Debug|Any CPU.Build.0 = Debug|Any CPU
		{76A139DB-574B-479F-887A-D06E26998AF8}.Release|Any CPU.ActiveCfg = Release|Any CPU
		{76A139DB-574B-479F-887A-D06E26998AF8}.Release|Any CPU.Build.0 = Release|Any CPU
		{C206F750-F47E-4CDB-8487-6F4A5F0871FB}.Debug|Any CPU.ActiveCfg = Debug|Any CPU
		{C206F750-F47E-4CDB-8487-6F4A5F0871FB}.Debug|Any CPU.Build.0 = Debug|Any CPU
		{C206F750-F47E-4CDB-8487-6F4A5F0871FB}.Release|Any CPU.ActiveCfg = Release|Any CPU
		{C206F750-F47E-4CDB-8487-6F4A5F0871FB}.Release|Any CPU.Build.0 = Release|Any CPU
		{9FE42B47-5612-43E7-9649-1400475125CC}.Debug|Any CPU.ActiveCfg = Debug|Any CPU
		{9FE42B47-5612-43E7-9649-1400475125CC}.Debug|Any CPU.Build.0 = Debug|Any CPU
		{9FE42B47-5612-43E7-9649-1400475125CC}.Release|Any CPU.ActiveCfg = Release|Any CPU
		{9FE42B47-5612-43E7-9649-1400475125CC}.Release|Any CPU.Build.0 = Release|Any CPU
	EndGlobalSection
	GlobalSection(SolutionProperties) = preSolution
		HideSolutionNode = FALSE
	EndGlobalSection
	GlobalSection(ExtensibilityGlobals) = postSolution
		SolutionGuid = {D4DBF34D-587F-4FD1-8ABC-581D4F1FB221}
	EndGlobalSection
EndGlobal
